// !$*UTF8*$!
{
	archiveVersion = 1;
	classes = {
	};
	objectVersion = 50;
	objects = {

/* Begin PBXBuildFile section */
		1B4A14932340978800BE8BBA /* iPhoneModel.mlmodel in Sources */ = {isa = PBXBuildFile; fileRef = 1B4A14922340978700BE8BBA /* iPhoneModel.mlmodel */; };
		1BBC0195231D13DF002DC27D /* AppDelegate.swift in Sources */ = {isa = PBXBuildFile; fileRef = 1BBC0194231D13DF002DC27D /* AppDelegate.swift */; };
		1BBC0197231D13DF002DC27D /* ViewController.swift in Sources */ = {isa = PBXBuildFile; fileRef = 1BBC0196231D13DF002DC27D /* ViewController.swift */; };
		1BBC019A231D13E0002DC27D /* Main.storyboard in Resources */ = {isa = PBXBuildFile; fileRef = 1BBC0198231D13E0002DC27D /* Main.storyboard */; };
		1BBC019C231D13E2002DC27D /* Assets.xcassets in Resources */ = {isa = PBXBuildFile; fileRef = 1BBC019B231D13E2002DC27D /* Assets.xcassets */; };
		1BBC019F231D13E2002DC27D /* LaunchScreen.storyboard in Resources */ = {isa = PBXBuildFile; fileRef = 1BBC019D231D13E2002DC27D /* LaunchScreen.storyboard */; };
		1BBC01AB231E6A7B002DC27D /* CustomButton.swift in Sources */ = {isa = PBXBuildFile; fileRef = 1BBC01AA231E6A7B002DC27D /* CustomButton.swift */; };
		1BBC01AD231EDFE2002DC27D /* SensorDataCsvManager.swift in Sources */ = {isa = PBXBuildFile; fileRef = 1BBC01AC231EDFE2002DC27D /* SensorDataCsvManager.swift */; };
		1BBC01AF231FECD8002DC27D /* CsvFileManagementViewController.swift in Sources */ = {isa = PBXBuildFile; fileRef = 1BBC01AE231FECD8002DC27D /* CsvFileManagementViewController.swift */; };
/* End PBXBuildFile section */

/* Begin PBXFileReference section */
		1B4A14922340978700BE8BBA /* iPhoneModel.mlmodel */ = {isa = PBXFileReference; lastKnownFileType = file.mlmodel; path = iPhoneModel.mlmodel; sourceTree = "<group>"; };
		1BBC0191231D13DF002DC27D /* SensorDataRecorder.app */ = {isa = PBXFileReference; explicitFileType = wrapper.application; includeInIndex = 0; path = SensorDataRecorder.app; sourceTree = BUILT_PRODUCTS_DIR; };
		1BBC0194231D13DF002DC27D /* AppDelegate.swift */ = {isa = PBXFileReference; lastKnownFileType = sourcecode.swift; path = AppDelegate.swift; sourceTree = "<group>"; };
		1BBC0196231D13DF002DC27D /* ViewController.swift */ = {isa = PBXFileReference; lastKnownFileType = sourcecode.swift; path = ViewController.swift; sourceTree = "<group>"; };
		1BBC0199231D13E0002DC27D /* Base */ = {isa = PBXFileReference; lastKnownFileType = file.storyboard; name = Base; path = Base.lproj/Main.storyboard; sourceTree = "<group>"; };
		1BBC019B231D13E2002DC27D /* Assets.xcassets */ = {isa = PBXFileReference; lastKnownFileType = folder.assetcatalog; path = Assets.xcassets; sourceTree = "<group>"; };
		1BBC019E231D13E2002DC27D /* Base */ = {isa = PBXFileReference; lastKnownFileType = file.storyboard; name = Base; path = Base.lproj/LaunchScreen.storyboard; sourceTree = "<group>"; };
		1BBC01A0231D13E2002DC27D /* Info.plist */ = {isa = PBXFileReference; lastKnownFileType = text.plist.xml; path = Info.plist; sourceTree = "<group>"; };
		1BBC01AA231E6A7B002DC27D /* CustomButton.swift */ = {isa = PBXFileReference; lastKnownFileType = sourcecode.swift; path = CustomButton.swift; sourceTree = "<group>"; };
		1BBC01AC231EDFE2002DC27D /* SensorDataCsvManager.swift */ = {isa = PBXFileReference; lastKnownFileType = sourcecode.swift; path = SensorDataCsvManager.swift; sourceTree = "<group>"; };
		1BBC01AE231FECD8002DC27D /* CsvFileManagementViewController.swift */ = {isa = PBXFileReference; lastKnownFileType = sourcecode.swift; path = CsvFileManagementViewController.swift; sourceTree = "<group>"; };
/* End PBXFileReference section */

/* Begin PBXFrameworksBuildPhase section */
		1BBC018E231D13DF002DC27D /* Frameworks */ = {
			isa = PBXFrameworksBuildPhase;
			buildActionMask = 2147483647;
			files = (
			);
			runOnlyForDeploymentPostprocessing = 0;
		};
/* End PBXFrameworksBuildPhase section */

/* Begin PBXGroup section */
		1BBC0188231D13DF002DC27D = {
			isa = PBXGroup;
			children = (
				1BBC0193231D13DF002DC27D /* SensorDataRecorder */,
				1BBC0192231D13DF002DC27D /* Products */,
			);
			sourceTree = "<group>";
		};
		1BBC0192231D13DF002DC27D /* Products */ = {
			isa = PBXGroup;
			children = (
				1BBC0191231D13DF002DC27D /* SensorDataRecorder.app */,
			);
			name = Products;
			sourceTree = "<group>";
		};
		1BBC0193231D13DF002DC27D /* SensorDataRecorder */ = {
			isa = PBXGroup;
			children = (
				1BBC01B0231FEECE002DC27D /* UI */,
				1BBC0194231D13DF002DC27D /* AppDelegate.swift */,
				1BBC0196231D13DF002DC27D /* ViewController.swift */,
				1BBC0198231D13E0002DC27D /* Main.storyboard */,
				1BBC01AE231FECD8002DC27D /* CsvFileManagementViewController.swift */,
				1BBC01AC231EDFE2002DC27D /* SensorDataCsvManager.swift */,
				1B4A14922340978700BE8BBA /* iPhoneModel.mlmodel */,
				1BBC019B231D13E2002DC27D /* Assets.xcassets */,
				1BBC019D231D13E2002DC27D /* LaunchScreen.storyboard */,
				1BBC01A0231D13E2002DC27D /* Info.plist */,
			);
			path = SensorDataRecorder;
			sourceTree = "<group>";
		};
		1BBC01B0231FEECE002DC27D /* UI */ = {
			isa = PBXGroup;
			children = (
				1BBC01AA231E6A7B002DC27D /* CustomButton.swift */,
			);
			path = UI;
			sourceTree = "<group>";
		};
/* End PBXGroup section */

/* Begin PBXNativeTarget section */
		1BBC0190231D13DF002DC27D /* SensorDataRecorder */ = {
			isa = PBXNativeTarget;
			buildConfigurationList = 1BBC01A3231D13E2002DC27D /* Build configuration list for PBXNativeTarget "SensorDataRecorder" */;
			buildPhases = (
				1BBC018D231D13DF002DC27D /* Sources */,
				1BBC018E231D13DF002DC27D /* Frameworks */,
				1BBC018F231D13DF002DC27D /* Resources */,
			);
			buildRules = (
			);
			dependencies = (
			);
			name = SensorDataRecorder;
			productName = SensorDataRecorder;
			productReference = 1BBC0191231D13DF002DC27D /* SensorDataRecorder.app */;
			productType = "com.apple.product-type.application";
		};
/* End PBXNativeTarget section */

/* Begin PBXProject section */
		1BBC0189231D13DF002DC27D /* Project object */ = {
			isa = PBXProject;
			attributes = {
				LastSwiftUpdateCheck = 1020;
				LastUpgradeCheck = 1020;
				ORGANIZATIONNAME = "平澤直之";
				TargetAttributes = {
					1BBC0190231D13DF002DC27D = {
						CreatedOnToolsVersion = 10.2.1;
					};
				};
			};
			buildConfigurationList = 1BBC018C231D13DF002DC27D /* Build configuration list for PBXProject "SensorDataRecorder" */;
			compatibilityVersion = "Xcode 9.3";
			developmentRegion = en;
			hasScannedForEncodings = 0;
			knownRegions = (
				en,
				Base,
			);
			mainGroup = 1BBC0188231D13DF002DC27D;
			productRefGroup = 1BBC0192231D13DF002DC27D /* Products */;
			projectDirPath = "";
			projectRoot = "";
			targets = (
				1BBC0190231D13DF002DC27D /* SensorDataRecorder */,
			);
		};
/* End PBXProject section */

/* Begin PBXResourcesBuildPhase section */
		1BBC018F231D13DF002DC27D /* Resources */ = {
			isa = PBXResourcesBuildPhase;
			buildActionMask = 2147483647;
			files = (
				1BBC019F231D13E2002DC27D /* LaunchScreen.storyboard in Resources */,
				1BBC019C231D13E2002DC27D /* Assets.xcassets in Resources */,
				1BBC019A231D13E0002DC27D /* Main.storyboard in Resources */,
			);
			runOnlyForDeploymentPostprocessing = 0;
		};
/* End PBXResourcesBuildPhase section */

/* Begin PBXSourcesBuildPhase section */
		1BBC018D231D13DF002DC27D /* Sources */ = {
			isa = PBXSourcesBuildPhase;
			buildActionMask = 2147483647;
			files = (
				1BBC01AD231EDFE2002DC27D /* SensorDataCsvManager.swift in Sources */,
				1B4A14932340978800BE8BBA /* iPhoneModel.mlmodel in Sources */,
				1BBC0197231D13DF002DC27D /* ViewController.swift in Sources */,
				1BBC0195231D13DF002DC27D /* AppDelegate.swift in Sources */,
				1BBC01AB231E6A7B002DC27D /* CustomButton.swift in Sources */,
				1BBC01AF231FECD8002DC27D /* CsvFileManagementViewController.swift in Sources */,
			);
			runOnlyForDeploymentPostprocessing = 0;
		};
/* End PBXSourcesBuildPhase section */

/* Begin PBXVariantGroup section */
		1BBC0198231D13E0002DC27D /* Main.storyboard */ = {
			isa = PBXVariantGroup;
			children = (
				1BBC0199231D13E0002DC27D /* Base */,
			);
			name = Main.storyboard;
			sourceTree = "<group>";
		};
		1BBC019D231D13E2002DC27D /* LaunchScreen.storyboard */ = {
			isa = PBXVariantGroup;
			children = (
				1BBC019E231D13E2002DC27D /* Base */,
			);
			name = LaunchScreen.storyboard;
			sourceTree = "<group>";
		};
/* End PBXVariantGroup section */

/* Begin XCBuildConfiguration section */
		1BBC01A1231D13E2002DC27D /* Debug */ = {
			isa = XCBuildConfiguration;
			buildSettings = {
				ALWAYS_SEARCH_USER_PATHS = NO;
				CLANG_ANALYZER_NONNULL = YES;
				CLANG_ANALYZER_NUMBER_OBJECT_CONVERSION = YES_AGGRESSIVE;
				CLANG_CXX_LANGUAGE_STANDARD = "gnu++14";
				CLANG_CXX_LIBRARY = "libc++";
				CLANG_ENABLE_MODULES = YES;
				CLANG_ENABLE_OBJC_ARC = YES;
				CLANG_ENABLE_OBJC_WEAK = YES;
				CLANG_WARN_BLOCK_CAPTURE_AUTORELEASING = YES;
				CLANG_WARN_BOOL_CONVERSION = YES;
				CLANG_WARN_COMMA = YES;
				CLANG_WARN_CONSTANT_CONVERSION = YES;
				CLANG_WARN_DEPRECATED_OBJC_IMPLEMENTATIONS = YES;
				CLANG_WARN_DIRECT_OBJC_ISA_USAGE = YES_ERROR;
				CLANG_WARN_DOCUMENTATION_COMMENTS = YES;
				CLANG_WARN_EMPTY_BODY = YES;
				CLANG_WARN_ENUM_CONVERSION = YES;
				CLANG_WARN_INFINITE_RECURSION = YES;
				CLANG_WARN_INT_CONVERSION = YES;
				CLANG_WARN_NON_LITERAL_NULL_CONVERSION = YES;
				CLANG_WARN_OBJC_IMPLICIT_RETAIN_SELF = YES;
				CLANG_WARN_OBJC_LITERAL_CONVERSION = YES;
				CLANG_WARN_OBJC_ROOT_CLASS = YES_ERROR;
				CLANG_WARN_RANGE_LOOP_ANALYSIS = YES;
				CLANG_WARN_STRICT_PROTOTYPES = YES;
				CLANG_WARN_SUSPICIOUS_MOVE = YES;
				CLANG_WARN_UNGUARDED_AVAILABILITY = YES_AGGRESSIVE;
				CLANG_WARN_UNREACHABLE_CODE = YES;
				CLANG_WARN__DUPLICATE_METHOD_MATCH = YES;
				CODE_SIGN_IDENTITY = "iPhone Developer";
				COPY_PHASE_STRIP = NO;
				DEBUG_INFORMATION_FORMAT = dwarf;
				ENABLE_STRICT_OBJC_MSGSEND = YES;
				ENABLE_TESTABILITY = YES;
				GCC_C_LANGUAGE_STANDARD = gnu11;
				GCC_DYNAMIC_NO_PIC = NO;
				GCC_NO_COMMON_BLOCKS = YES;
				GCC_OPTIMIZATION_LEVEL = 0;
				GCC_PREPROCESSOR_DEFINITIONS = (
					"DEBUG=1",
					"$(inherited)",
				);
				GCC_WARN_64_TO_32_BIT_CONVERSION = YES;
				GCC_WARN_ABOUT_RETURN_TYPE = YES_ERROR;
				GCC_WARN_UNDECLARED_SELECTOR = YES;
				GCC_WARN_UNINITIALIZED_AUTOS = YES_AGGRESSIVE;
				GCC_WARN_UNUSED_FUNCTION = YES;
				GCC_WARN_UNUSED_VARIABLE = YES;
				IPHONEOS_DEPLOYMENT_TARGET = 12.2;
				MTL_ENABLE_DEBUG_INFO = INCLUDE_SOURCE;
				MTL_FAST_MATH = YES;
				ONLY_ACTIVE_ARCH = YES;
				SDKROOT = iphoneos;
				SWIFT_ACTIVE_COMPILATION_CONDITIONS = DEBUG;
				SWIFT_OPTIMIZATION_LEVEL = "-Onone";
			};
			name = Debug;
		};
		1BBC01A2231D13E2002DC27D /* Release */ = {
			isa = XCBuildConfiguration;
			buildSettings = {
				ALWAYS_SEARCH_USER_PATHS = NO;
				CLANG_ANALYZER_NONNULL = YES;
				CLANG_ANALYZER_NUMBER_OBJECT_CONVERSION = YES_AGGRESSIVE;
				CLANG_CXX_LANGUAGE_STANDARD = "gnu++14";
				CLANG_CXX_LIBRARY = "libc++";
				CLANG_ENABLE_MODULES = YES;
				CLANG_ENABLE_OBJC_ARC = YES;
				CLANG_ENABLE_OBJC_WEAK = YES;
				CLANG_WARN_BLOCK_CAPTURE_AUTORELEASING = YES;
				CLANG_WARN_BOOL_CONVERSION = YES;
				CLANG_WARN_COMMA = YES;
				CLANG_WARN_CONSTANT_CONVERSION = YES;
				CLANG_WARN_DEPRECATED_OBJC_IMPLEMENTATIONS = YES;
				CLANG_WARN_DIRECT_OBJC_ISA_USAGE = YES_ERROR;
				CLANG_WARN_DOCUMENTATION_COMMENTS = YES;
				CLANG_WARN_EMPTY_BODY = YES;
				CLANG_WARN_ENUM_CONVERSION = YES;
				CLANG_WARN_INFINITE_RECURSION = YES;
				CLANG_WARN_INT_CONVERSION = YES;
				CLANG_WARN_NON_LITERAL_NULL_CONVERSION = YES;
				CLANG_WARN_OBJC_IMPLICIT_RETAIN_SELF = YES;
				CLANG_WARN_OBJC_LITERAL_CONVERSION = YES;
				CLANG_WARN_OBJC_ROOT_CLASS = YES_ERROR;
				CLANG_WARN_RANGE_LOOP_ANALYSIS = YES;
				CLANG_WARN_STRICT_PROTOTYPES = YES;
				CLANG_WARN_SUSPICIOUS_MOVE = YES;
				CLANG_WARN_UNGUARDED_AVAILABILITY = YES_AGGRESSIVE;
				CLANG_WARN_UNREACHABLE_CODE = YES;
				CLANG_WARN__DUPLICATE_METHOD_MATCH = YES;
				CODE_SIGN_IDENTITY = "iPhone Developer";
				COPY_PHASE_STRIP = NO;
				DEBUG_INFORMATION_FORMAT = "dwarf-with-dsym";
				ENABLE_NS_ASSERTIONS = NO;
				ENABLE_STRICT_OBJC_MSGSEND = YES;
				GCC_C_LANGUAGE_STANDARD = gnu11;
				GCC_NO_COMMON_BLOCKS = YES;
				GCC_WARN_64_TO_32_BIT_CONVERSION = YES;
				GCC_WARN_ABOUT_RETURN_TYPE = YES_ERROR;
				GCC_WARN_UNDECLARED_SELECTOR = YES;
				GCC_WARN_UNINITIALIZED_AUTOS = YES_AGGRESSIVE;
				GCC_WARN_UNUSED_FUNCTION = YES;
				GCC_WARN_UNUSED_VARIABLE = YES;
				IPHONEOS_DEPLOYMENT_TARGET = 12.2;
				MTL_ENABLE_DEBUG_INFO = NO;
				MTL_FAST_MATH = YES;
				SDKROOT = iphoneos;
				SWIFT_COMPILATION_MODE = wholemodule;
				SWIFT_OPTIMIZATION_LEVEL = "-O";
				VALIDATE_PRODUCT = YES;
			};
			name = Release;
		};
		1BBC01A4231D13E2002DC27D /* Debug */ = {
			isa = XCBuildConfiguration;
			buildSettings = {
				ASSETCATALOG_COMPILER_APPICON_NAME = AppIcon;
				CODE_SIGN_STYLE = Automatic;
				DEVELOPMENT_TEAM = 9EPC24ZNTB;
				INFOPLIST_FILE = SensorDataRecorder/Info.plist;
				LD_RUNPATH_SEARCH_PATHS = (
					"$(inherited)",
					"@executable_path/Frameworks",
				);
				PRODUCT_BUNDLE_IDENTIFIER = ftd.SensorDataRecorder;
				PRODUCT_NAME = "$(TARGET_NAME)";
				SWIFT_VERSION = 5.0;
				TARGETED_DEVICE_FAMILY = "1,2";
			};
			name = Debug;
		};
		1BBC01A5231D13E2002DC27D /* Release */ = {
			isa = XCBuildConfiguration;
			buildSettings = {
				ASSETCATALOG_COMPILER_APPICON_NAME = AppIcon;
				CODE_SIGN_STYLE = Automatic;
				DEVELOPMENT_TEAM = 9EPC24ZNTB;
				INFOPLIST_FILE = SensorDataRecorder/Info.plist;
				LD_RUNPATH_SEARCH_PATHS = (
					"$(inherited)",
					"@executable_path/Frameworks",
				);
				PRODUCT_BUNDLE_IDENTIFIER = ftd.SensorDataRecorder;
				PRODUCT_NAME = "$(TARGET_NAME)";
				SWIFT_VERSION = 5.0;
				TARGETED_DEVICE_FAMILY = "1,2";
			};
			name = Release;
		};
/* End XCBuildConfiguration section */

/* Begin XCConfigurationList section */
		1BBC018C231D13DF002DC27D /* Build configuration list for PBXProject "SensorDataRecorder" */ = {
			isa = XCConfigurationList;
			buildConfigurations = (
				1BBC01A1231D13E2002DC27D /* Debug */,
				1BBC01A2231D13E2002DC27D /* Release */,
			);
			defaultConfigurationIsVisible = 0;
			defaultConfigurationName = Release;
		};
		1BBC01A3231D13E2002DC27D /* Build configuration list for PBXNativeTarget "SensorDataRecorder" */ = {
			isa = XCConfigurationList;
			buildConfigurations = (
				1BBC01A4231D13E2002DC27D /* Debug */,
				1BBC01A5231D13E2002DC27D /* Release */,
			);
			defaultConfigurationIsVisible = 0;
			defaultConfigurationName = Release;
		};
/* End XCConfigurationList section */
	};
	rootObject = 1BBC0189231D13DF002DC27D /* Project object */;
}
